
Microsoft Visual Studio Solution File, Format Version 12.00
# Visual Studio 15
VisualStudioVersion = 15.0.28307.421
MinimumVisualStudioVersion = 10.0.40219.1
Project("{FAE04EC0-301F-11D3-BF4B-00C04F79EFBC}") = "tls-sig-api-cs", "tls-sig-api-cs\tls-sig-api-cs.csproj", "{22658B14-8F04-42F2-B740-39CDBF33997C}"
EndProject
Project("{FAE04EC0-301F-11D3-BF4B-00C04F79EFBC}") = "tls-sig-api-cs-test", "tls-sig-api-cs-test\tls-sig-api-cs-test.csproj", "{485E36CC-EC6D-4743-B396-F56817AEF58E}"
EndProject
Global
	GlobalSection(SolutionConfigurationPlatforms) = preSolution
		Debug|Any CPU = Debug|Any CPU
		Release|Any CPU = Release|Any CPU
	EndGlobalSection
	GlobalSection(ProjectConfigurationPlatforms) = postSolution
		{22658B14-8F04-42F2-B740-39CDBF33997C}.Debug|Any CPU.ActiveCfg = Debug|Any CPU
		{22658B14-8F04-42F2-B740-39CDBF33997C}.Debug|Any CPU.Build.0 = Debug|Any CPU
		{22658B14-8F04-42F2-B740-39CDBF33997C}.Release|Any CPU.ActiveCfg = Release|Any CPU
		{22658B14-8F04-42F2-B740-39CDBF33997C}.Release|Any CPU.Build.0 = Release|Any CPU
		{485E36CC-EC6D-4743-B396-F56817AEF58E}.Debug|Any CPU.ActiveCfg = Debug|Any CPU
		{485E36CC-EC6D-4743-B396-F56817AEF58E}.Debug|Any CPU.Build.0 = Debug|Any CPU
		{485E36CC-EC6D-4743-B396-F56817AEF58E}.Release|Any CPU.ActiveCfg = Release|Any CPU
		{485E36CC-EC6D-4743-B396-F56817AEF58E}.Release|Any CPU.Build.0 = Release|Any CPU
	EndGlobalSection
	GlobalSection(SolutionProperties) = preSolution
		HideSolutionNode = FALSE
	EndGlobalSection
	GlobalSection(ExtensibilityGlobals) = postSolution
		SolutionGuid = {E6920523-554E-43B3-8ECE-95432B24E687}
	EndGlobalSection
EndGlobal
